# THIS IS AN AUTOGENERATED FILE. DO NOT EDIT THIS FILE DIRECTLY.
# yarn lockfile v1


dat.gui@^0.7.6:
  version "0.7.9"
  resolved "https://registry.yarnpkg.com/dat.gui/-/dat.gui-0.7.9.tgz#860cab06053b028e327820eabdf25a13cf07b17e"
  integrity sha512-sCNc1OHobc+Erc1HqiswYgHdVNpSJUlk/Hz8vzOCsER7rl+oF/4+v8GXFUyCgtXpoCX6+bnmg07DedLvBLwYKQ==

p5.gui.variables@*:
  version "1.0.1"
  resolved "https://registry.yarnpkg.com/p5.gui.variables/-/p5.gui.variables-1.0.1.tgz#40e7c8e0faca7a44328966995aed3a4ab5b2564b"
  integrity sha512-gv8yBTZouyoZ4I4l5PbMH3HcD9bB5Xi1IxQ81MPzyy31xjx31z48g6IU9ikIYe2tNBXDkCRQgyvmcPyRxXdUxg==
  dependencies:
    dat.gui "^0.7.6"
    p5 "^0.9.0"

p5.play@*:
  version "3.5.3"
  resolved "https://registry.yarnpkg.com/p5.play/-/p5.play-3.5.3.tgz#32f0b34d1f14f762689a4bac93f6046033f5e7a0"
  integrity sha512-DDh/Tq1sUdgds2rKf3ev6N92kMp3j73Nsyb8CO/znojJ9ZCDLIOhHQmZ2I6KZSUstUBMSkzkjQoCtRTcdfpoCQ==

p5@^0.9.0:
  version "0.9.0"
  resolved "https://registry.yarnpkg.com/p5/-/p5-0.9.0.tgz#a4431bf2a0ff6ede06e2c512faddb495c3332504"
  integrity sha512-N8FzKr9SKofl4f+d9g6oYDRk5JOYgY1bIhCInzNxW7khc1zk7whQIOhaHeijSslfN3rJYfWso6Fn3O/w+TCwLg==
